
Microsoft Visual Studio Solution File, Format Version 12.00
# Visual Studio Version 17
VisualStudioVersion = 17.5.002.0
MinimumVisualStudioVersion = 10.0.40219.1
Project("{9A19103F-16F7-4668-BE54-9A1E7A4F7556}") = "MyCsPlugin", "MyCsPlugin.csproj", "{05F4A549-7A2D-4DBA-A69A-54084E2D2501}"
EndProject
Global
	GlobalSection(SolutionConfigurationPlatforms) = preSolution
		Debug|Any CPU = Debug|Any CPU
		Release|Any CPU = Release|Any CPU
	EndGlobalSection
	GlobalSection(ProjectConfigurationPlatforms) = postSolution
		{05F4A549-7A2D-4DBA-A69A-54084E2D2501}.Debug|Any CPU.ActiveCfg = Debug|Any CPU
		{05F4A549-7A2D-4DBA-A69A-54084E2D2501}.Debug|Any CPU.Build.0 = Debug|Any CPU
		{05F4A549-7A2D-4DBA-A69A-54084E2D2501}.Release|Any CPU.ActiveCfg = Release|Any CPU
		{05F4A549-7A2D-4DBA-A69A-54084E2D2501}.Release|Any CPU.Build.0 = Release|Any CPU
	EndGlobalSection
	GlobalSection(SolutionProperties) = preSolution
		HideSolutionNode = FALSE
	EndGlobalSection
	GlobalSection(ExtensibilityGlobals) = postSolution
		SolutionGuid = {87E81CE7-1C51-4FC6-9228-86DB9B7ADBE0}
	EndGlobalSection
EndGlobal
